
Microsoft Visual Studio Solution File, Format Version 12.00
# Visual Studio 15
VisualStudioVersion = 15.0.28307.438
MinimumVisualStudioVersion = 10.0.40219.1
Project("{9A19103F-16F7-4668-BE54-9A1E7A4F7556}") = "Boccialyzer.Web", "Boccialyzer.Web\Boccialyzer.Web.csproj", "{D779FD12-EB83-4137-8466-5CDC2BB74E8B}"
	ProjectSection(ProjectDependencies) = postProject
		{F2FAF73C-9FBB-4C03-84D8-D984C1E4E561} = {F2FAF73C-9FBB-4C03-84D8-D984C1E4E561}
		{B385B396-27E2-4B84-805D-EB6262C785AA} = {B385B396-27E2-4B84-805D-EB6262C785AA}
	EndProjectSection
EndProject
Project("{9A19103F-16F7-4668-BE54-9A1E7A4F7556}") = "Boccialyzer.Core", "Boccialyzer.Core\Boccialyzer.Core.csproj", "{F2FAF73C-9FBB-4C03-84D8-D984C1E4E561}"
	ProjectSection(ProjectDependencies) = postProject
		{B385B396-27E2-4B84-805D-EB6262C785AA} = {B385B396-27E2-4B84-805D-EB6262C785AA}
	EndProjectSection
EndProject
Project("{9A19103F-16F7-4668-BE54-9A1E7A4F7556}") = "Boccialyzer.Domain", "Boccialyzer.Domain\Boccialyzer.Domain.csproj", "{B385B396-27E2-4B84-805D-EB6262C785AA}"
EndProject
Global
	GlobalSection(SolutionConfigurationPlatforms) = preSolution
		Debug|Any CPU = Debug|Any CPU
		Release|Any CPU = Release|Any CPU
	EndGlobalSection
	GlobalSection(ProjectConfigurationPlatforms) = postSolution
		{D779FD12-EB83-4137-8466-5CDC2BB74E8B}.Debug|Any CPU.ActiveCfg = Debug|Any CPU
		{D779FD12-EB83-4137-8466-5CDC2BB74E8B}.Debug|Any CPU.Build.0 = Debug|Any CPU
		{D779FD12-EB83-4137-8466-5CDC2BB74E8B}.Release|Any CPU.ActiveCfg = Release|Any CPU
		{D779FD12-EB83-4137-8466-5CDC2BB74E8B}.Release|Any CPU.Build.0 = Release|Any CPU
		{F2FAF73C-9FBB-4C03-84D8-D984C1E4E561}.Debug|Any CPU.ActiveCfg = Debug|Any CPU
		{F2FAF73C-9FBB-4C03-84D8-D984C1E4E561}.Debug|Any CPU.Build.0 = Debug|Any CPU
		{F2FAF73C-9FBB-4C03-84D8-D984C1E4E561}.Release|Any CPU.ActiveCfg = Release|Any CPU
		{F2FAF73C-9FBB-4C03-84D8-D984C1E4E561}.Release|Any CPU.Build.0 = Release|Any CPU
		{B385B396-27E2-4B84-805D-EB6262C785AA}.Debug|Any CPU.ActiveCfg = Debug|Any CPU
		{B385B396-27E2-4B84-805D-EB6262C785AA}.Debug|Any CPU.Build.0 = Debug|Any CPU
		{B385B396-27E2-4B84-805D-EB6262C785AA}.Release|Any CPU.ActiveCfg = Release|Any CPU
		{B385B396-27E2-4B84-805D-EB6262C785AA}.Release|Any CPU.Build.0 = Release|Any CPU
	EndGlobalSection
	GlobalSection(SolutionProperties) = preSolution
		HideSolutionNode = FALSE
	EndGlobalSection
	GlobalSection(ExtensibilityGlobals) = postSolution
		SolutionGuid = {2E89F91B-B837-4559-9523-A9195CFB588C}
	EndGlobalSection
EndGlobal
